// !$*UTF8*$!
{
	archiveVersion = 1;
	classes = {
	};
	objectVersion = 46;
	objects = {

/* Begin PBXBuildFile section */
		52A4D8F21AA0731300EBAE97 /* main.m in Sources */ = {isa = PBXBuildFile; fileRef = 52A4D8F11AA0731300EBAE97 /* main.m */; };
		52A4D8F51AA0731300EBAE97 /* AppDelegate.m in Sources */ = {isa = PBXBuildFile; fileRef = 52A4D8F41AA0731300EBAE97 /* AppDelegate.m */; };
		52A4D8F81AA0731300EBAE97 /* ViewController.m in Sources */ = {isa = PBXBuildFile; fileRef = 52A4D8F71AA0731300EBAE97 /* ViewController.m */; };
		52A4D8FB1AA0731300EBAE97 /* Main.storyboard in Resources */ = {isa = PBXBuildFile; fileRef = 52A4D8F91AA0731300EBAE97 /* Main.storyboard */; };
		52A4D8FD1AA0731300EBAE97 /* Images.xcassets in Resources */ = {isa = PBXBuildFile; fileRef = 52A4D8FC1AA0731300EBAE97 /* Images.xcassets */; };
		52A4D9001AA0731300EBAE97 /* LaunchScreen.xib in Resources */ = {isa = PBXBuildFile; fileRef = 52A4D8FE1AA0731300EBAE97 /* LaunchScreen.xib */; };
		52A4D90C1AA0731300EBAE97 /* AKETA_voice_iosTests.m in Sources */ = {isa = PBXBuildFile; fileRef = 52A4D90B1AA0731300EBAE97 /* AKETA_voice_iosTests.m */; };
		52A4D91C1AA0742600EBAE97 /* error_btn.png in Resources */ = {isa = PBXBuildFile; fileRef = 52A4D9161AA0742600EBAE97 /* error_btn.png */; };
		52A4D91D1AA0742600EBAE97 /* mic_none.png in Resources */ = {isa = PBXBuildFile; fileRef = 52A4D9171AA0742600EBAE97 /* mic_none.png */; };
		52A4D91E1AA0742600EBAE97 /* mic_recording.png in Resources */ = {isa = PBXBuildFile; fileRef = 52A4D9181AA0742600EBAE97 /* mic_recording.png */; };
		52A4D91F1AA0742600EBAE97 /* mic_stop.png in Resources */ = {isa = PBXBuildFile; fileRef = 52A4D9191AA0742600EBAE97 /* mic_stop.png */; };
		52A4D9201AA0742600EBAE97 /* success_btn.png in Resources */ = {isa = PBXBuildFile; fileRef = 52A4D91A1AA0742600EBAE97 /* success_btn.png */; };
		52A4D9211AA0742600EBAE97 /* success_unknown_btn.png in Resources */ = {isa = PBXBuildFile; fileRef = 52A4D91B1AA0742600EBAE97 /* success_unknown_btn.png */; };
		52A4D9231AA0752500EBAE97 /* AVFoundation.framework in Frameworks */ = {isa = PBXBuildFile; fileRef = 52A4D9221AA0752500EBAE97 /* AVFoundation.framework */; };
		52A4D9251AA0A21E00EBAE97 /* aketa_logo.png in Resources */ = {isa = PBXBuildFile; fileRef = 52A4D9241AA0A21E00EBAE97 /* aketa_logo.png */; };
		52A4D92A1AA0A33000EBAE97 /* AuthViewController.m in Sources */ = {isa = PBXBuildFile; fileRef = 52A4D9291AA0A33000EBAE97 /* AuthViewController.m */; };
/* End PBXBuildFile section */

/* Begin PBXContainerItemProxy section */
		52A4D9061AA0731300EBAE97 /* PBXContainerItemProxy */ = {
			isa = PBXContainerItemProxy;
			containerPortal = 52A4D8E41AA0731300EBAE97 /* Project object */;
			proxyType = 1;
			remoteGlobalIDString = 52A4D8EB1AA0731300EBAE97;
			remoteInfo = AKETA_voice_ios;
		};
/* End PBXContainerItemProxy section */

/* Begin PBXFileReference section */
		52A4D8EC1AA0731300EBAE97 /* AKETA_voice_ios.app */ = {isa = PBXFileReference; explicitFileType = wrapper.application; includeInIndex = 0; path = AKETA_voice_ios.app; sourceTree = BUILT_PRODUCTS_DIR; };
		52A4D8F01AA0731300EBAE97 /* Info.plist */ = {isa = PBXFileReference; lastKnownFileType = text.plist.xml; path = Info.plist; sourceTree = "<group>"; };
		52A4D8F11AA0731300EBAE97 /* main.m */ = {isa = PBXFileReference; lastKnownFileType = sourcecode.c.objc; path = main.m; sourceTree = "<group>"; };
		52A4D8F31AA0731300EBAE97 /* AppDelegate.h */ = {isa = PBXFileReference; lastKnownFileType = sourcecode.c.h; path = AppDelegate.h; sourceTree = "<group>"; };
		52A4D8F41AA0731300EBAE97 /* AppDelegate.m */ = {isa = PBXFileReference; lastKnownFileType = sourcecode.c.objc; path = AppDelegate.m; sourceTree = "<group>"; };
		52A4D8F61AA0731300EBAE97 /* ViewController.h */ = {isa = PBXFileReference; lastKnownFileType = sourcecode.c.h; path = ViewController.h; sourceTree = "<group>"; };
		52A4D8F71AA0731300EBAE97 /* ViewController.m */ = {isa = PBXFileReference; lastKnownFileType = sourcecode.c.objc; path = ViewController.m; sourceTree = "<group>"; };
		52A4D8FA1AA0731300EBAE97 /* Base */ = {isa = PBXFileReference; lastKnownFileType = file.storyboard; name = Base; path = Base.lproj/Main.storyboard; sourceTree = "<group>"; };
		52A4D8FC1AA0731300EBAE97 /* Images.xcassets */ = {isa = PBXFileReference; lastKnownFileType = folder.assetcatalog; path = Images.xcassets; sourceTree = "<group>"; };
		52A4D8FF1AA0731300EBAE97 /* Base */ = {isa = PBXFileReference; lastKnownFileType = file.xib; name = Base; path = Base.lproj/LaunchScreen.xib; sourceTree = "<group>"; };
		52A4D9051AA0731300EBAE97 /* AKETA_voice_iosTests.xctest */ = {isa = PBXFileReference; explicitFileType = wrapper.cfbundle; includeInIndex = 0; path = AKETA_voice_iosTests.xctest; sourceTree = BUILT_PRODUCTS_DIR; };
		52A4D90A1AA0731300EBAE97 /* Info.plist */ = {isa = PBXFileReference; lastKnownFileType = text.plist.xml; path = Info.plist; sourceTree = "<group>"; };
		52A4D90B1AA0731300EBAE97 /* AKETA_voice_iosTests.m */ = {isa = PBXFileReference; lastKnownFileType = sourcecode.c.objc; path = AKETA_voice_iosTests.m; sourceTree = "<group>"; };
		52A4D9161AA0742600EBAE97 /* error_btn.png */ = {isa = PBXFileReference; lastKnownFileType = image.png; name = error_btn.png; path = Images/error_btn.png; sourceTree = "<group>"; };
		52A4D9171AA0742600EBAE97 /* mic_none.png */ = {isa = PBXFileReference; lastKnownFileType = image.png; name = mic_none.png; path = Images/mic_none.png; sourceTree = "<group>"; };
		52A4D9181AA0742600EBAE97 /* mic_recording.png */ = {isa = PBXFileReference; lastKnownFileType = image.png; name = mic_recording.png; path = Images/mic_recording.png; sourceTree = "<group>"; };
		52A4D9191AA0742600EBAE97 /* mic_stop.png */ = {isa = PBXFileReference; lastKnownFileType = image.png; name = mic_stop.png; path = Images/mic_stop.png; sourceTree = "<group>"; };
		52A4D91A1AA0742600EBAE97 /* success_btn.png */ = {isa = PBXFileReference; lastKnownFileType = image.png; name = success_btn.png; path = Images/success_btn.png; sourceTree = "<group>"; };
		52A4D91B1AA0742600EBAE97 /* success_unknown_btn.png */ = {isa = PBXFileReference; lastKnownFileType = image.png; name = success_unknown_btn.png; path = Images/success_unknown_btn.png; sourceTree = "<group>"; };
		52A4D9221AA0752500EBAE97 /* AVFoundation.framework */ = {isa = PBXFileReference; lastKnownFileType = wrapper.framework; name = AVFoundation.framework; path = System/Library/Frameworks/AVFoundation.framework; sourceTree = SDKROOT; };
		52A4D9241AA0A21E00EBAE97 /* aketa_logo.png */ = {isa = PBXFileReference; lastKnownFileType = image.png; name = aketa_logo.png; path = Images/aketa_logo.png; sourceTree = "<group>"; };
		52A4D9291AA0A33000EBAE97 /* AuthViewController.m */ = {isa = PBXFileReference; fileEncoding = 4; lastKnownFileType = sourcecode.c.objc; path = AuthViewController.m; sourceTree = "<group>"; };
		52A4D92B1AA0A33A00EBAE97 /* AuthViewController.h */ = {isa = PBXFileReference; lastKnownFileType = sourcecode.c.h; path = AuthViewController.h; sourceTree = "<group>"; };
/* End PBXFileReference section */

/* Begin PBXFrameworksBuildPhase section */
		52A4D8E91AA0731300EBAE97 /* Frameworks */ = {
			isa = PBXFrameworksBuildPhase;
			buildActionMask = 2147483647;
			files = (
				52A4D9231AA0752500EBAE97 /* AVFoundation.framework in Frameworks */,
			);
			runOnlyForDeploymentPostprocessing = 0;
		};
		52A4D9021AA0731300EBAE97 /* Frameworks */ = {
			isa = PBXFrameworksBuildPhase;
			buildActionMask = 2147483647;
			files = (
			);
			runOnlyForDeploymentPostprocessing = 0;
		};
/* End PBXFrameworksBuildPhase section */

/* Begin PBXGroup section */
		52A4D8E31AA0731300EBAE97 = {
			isa = PBXGroup;
			children = (
				52A4D9221AA0752500EBAE97 /* AVFoundation.framework */,
				52A4D8EE1AA0731300EBAE97 /* AKETA_voice_ios */,
				52A4D9081AA0731300EBAE97 /* AKETA_voice_iosTests */,
				52A4D8ED1AA0731300EBAE97 /* Products */,
			);
			sourceTree = "<group>";
		};
		52A4D8ED1AA0731300EBAE97 /* Products */ = {
			isa = PBXGroup;
			children = (
				52A4D8EC1AA0731300EBAE97 /* AKETA_voice_ios.app */,
				52A4D9051AA0731300EBAE97 /* AKETA_voice_iosTests.xctest */,
			);
			name = Products;
			sourceTree = "<group>";
		};
		52A4D8EE1AA0731300EBAE97 /* AKETA_voice_ios */ = {
			isa = PBXGroup;
			children = (
				52A4D9151AA073EA00EBAE97 /* Images */,
				52A4D8F31AA0731300EBAE97 /* AppDelegate.h */,
				52A4D8F41AA0731300EBAE97 /* AppDelegate.m */,
				52A4D8F61AA0731300EBAE97 /* ViewController.h */,
				52A4D8F71AA0731300EBAE97 /* ViewController.m */,
				52A4D8F91AA0731300EBAE97 /* Main.storyboard */,
				52A4D8FC1AA0731300EBAE97 /* Images.xcassets */,
				52A4D8FE1AA0731300EBAE97 /* LaunchScreen.xib */,
				52A4D8EF1AA0731300EBAE97 /* Supporting Files */,
				52A4D9291AA0A33000EBAE97 /* AuthViewController.m */,
				52A4D92B1AA0A33A00EBAE97 /* AuthViewController.h */,
			);
			path = AKETA_voice_ios;
			sourceTree = "<group>";
		};
		52A4D8EF1AA0731300EBAE97 /* Supporting Files */ = {
			isa = PBXGroup;
			children = (
				52A4D8F01AA0731300EBAE97 /* Info.plist */,
				52A4D8F11AA0731300EBAE97 /* main.m */,
			);
			name = "Supporting Files";
			sourceTree = "<group>";
		};
		52A4D9081AA0731300EBAE97 /* AKETA_voice_iosTests */ = {
			isa = PBXGroup;
			children = (
				52A4D90B1AA0731300EBAE97 /* AKETA_voice_iosTests.m */,
				52A4D9091AA0731300EBAE97 /* Supporting Files */,
			);
			path = AKETA_voice_iosTests;
			sourceTree = "<group>";
		};
		52A4D9091AA0731300EBAE97 /* Supporting Files */ = {
			isa = PBXGroup;
			children = (
				52A4D90A1AA0731300EBAE97 /* Info.plist */,
			);
			name = "Supporting Files";
			sourceTree = "<group>";
		};
		52A4D9151AA073EA00EBAE97 /* Images */ = {
			isa = PBXGroup;
			children = (
				52A4D9241AA0A21E00EBAE97 /* aketa_logo.png */,
				52A4D9161AA0742600EBAE97 /* error_btn.png */,
				52A4D9171AA0742600EBAE97 /* mic_none.png */,
				52A4D9181AA0742600EBAE97 /* mic_recording.png */,
				52A4D9191AA0742600EBAE97 /* mic_stop.png */,
				52A4D91A1AA0742600EBAE97 /* success_btn.png */,
				52A4D91B1AA0742600EBAE97 /* success_unknown_btn.png */,
			);
			name = Images;
			sourceTree = "<group>";
		};
/* End PBXGroup section */

/* Begin PBXNativeTarget section */
		52A4D8EB1AA0731300EBAE97 /* AKETA_voice_ios */ = {
			isa = PBXNativeTarget;
			buildConfigurationList = 52A4D90F1AA0731300EBAE97 /* Build configuration list for PBXNativeTarget "AKETA_voice_ios" */;
			buildPhases = (
				52A4D8E81AA0731300EBAE97 /* Sources */,
				52A4D8E91AA0731300EBAE97 /* Frameworks */,
				52A4D8EA1AA0731300EBAE97 /* Resources */,
			);
			buildRules = (
			);
			dependencies = (
			);
			name = AKETA_voice_ios;
			productName = AKETA_voice_ios;
			productReference = 52A4D8EC1AA0731300EBAE97 /* AKETA_voice_ios.app */;
			productType = "com.apple.product-type.application";
		};
		52A4D9041AA0731300EBAE97 /* AKETA_voice_iosTests */ = {
			isa = PBXNativeTarget;
			buildConfigurationList = 52A4D9121AA0731300EBAE97 /* Build configuration list for PBXNativeTarget "AKETA_voice_iosTests" */;
			buildPhases = (
				52A4D9011AA0731300EBAE97 /* Sources */,
				52A4D9021AA0731300EBAE97 /* Frameworks */,
				52A4D9031AA0731300EBAE97 /* Resources */,
			);
			buildRules = (
			);
			dependencies = (
				52A4D9071AA0731300EBAE97 /* PBXTargetDependency */,
			);
			name = AKETA_voice_iosTests;
			productName = AKETA_voice_iosTests;
			productReference = 52A4D9051AA0731300EBAE97 /* AKETA_voice_iosTests.xctest */;
			productType = "com.apple.product-type.bundle.unit-test";
		};
/* End PBXNativeTarget section */

/* Begin PBXProject section */
		52A4D8E41AA0731300EBAE97 /* Project object */ = {
			isa = PBXProject;
			attributes = {
				LastUpgradeCheck = 0610;
				ORGANIZATIONNAME = com.beardapps.aketavoice;
				TargetAttributes = {
					52A4D8EB1AA0731300EBAE97 = {
						CreatedOnToolsVersion = 6.1.1;
					};
					52A4D9041AA0731300EBAE97 = {
						CreatedOnToolsVersion = 6.1.1;
						TestTargetID = 52A4D8EB1AA0731300EBAE97;
					};
				};
			};
			buildConfigurationList = 52A4D8E71AA0731300EBAE97 /* Build configuration list for PBXProject "AKETA_voice_ios" */;
			compatibilityVersion = "Xcode 3.2";
			developmentRegion = English;
			hasScannedForEncodings = 0;
			knownRegions = (
				en,
				Base,
			);
			mainGroup = 52A4D8E31AA0731300EBAE97;
			productRefGroup = 52A4D8ED1AA0731300EBAE97 /* Products */;
			projectDirPath = "";
			projectRoot = "";
			targets = (
				52A4D8EB1AA0731300EBAE97 /* AKETA_voice_ios */,
				52A4D9041AA0731300EBAE97 /* AKETA_voice_iosTests */,
			);
		};
/* End PBXProject section */

/* Begin PBXResourcesBuildPhase section */
		52A4D8EA1AA0731300EBAE97 /* Resources */ = {
			isa = PBXResourcesBuildPhase;
			buildActionMask = 2147483647;
			files = (
				52A4D8FB1AA0731300EBAE97 /* Main.storyboard in Resources */,
				52A4D91D1AA0742600EBAE97 /* mic_none.png in Resources */,
				52A4D91C1AA0742600EBAE97 /* error_btn.png in Resources */,
				52A4D9001AA0731300EBAE97 /* LaunchScreen.xib in Resources */,
				52A4D8FD1AA0731300EBAE97 /* Images.xcassets in Resources */,
				52A4D91E1AA0742600EBAE97 /* mic_recording.png in Resources */,
				52A4D9201AA0742600EBAE97 /* success_btn.png in Resources */,
				52A4D9211AA0742600EBAE97 /* success_unknown_btn.png in Resources */,
				52A4D91F1AA0742600EBAE97 /* mic_stop.png in Resources */,
				52A4D9251AA0A21E00EBAE97 /* aketa_logo.png in Resources */,
			);
			runOnlyForDeploymentPostprocessing = 0;
		};
		52A4D9031AA0731300EBAE97 /* Resources */ = {
			isa = PBXResourcesBuildPhase;
			buildActionMask = 2147483647;
			files = (
			);
			runOnlyForDeploymentPostprocessing = 0;
		};
/* End PBXResourcesBuildPhase section */

/* Begin PBXSourcesBuildPhase section */
		52A4D8E81AA0731300EBAE97 /* Sources */ = {
			isa = PBXSourcesBuildPhase;
			buildActionMask = 2147483647;
			files = (
				52A4D92A1AA0A33000EBAE97 /* AuthViewController.m in Sources */,
				52A4D8F81AA0731300EBAE97 /* ViewController.m in Sources */,
				52A4D8F51AA0731300EBAE97 /* AppDelegate.m in Sources */,
				52A4D8F21AA0731300EBAE97 /* main.m in Sources */,
			);
			runOnlyForDeploymentPostprocessing = 0;
		};
		52A4D9011AA0731300EBAE97 /* Sources */ = {
			isa = PBXSourcesBuildPhase;
			buildActionMask = 2147483647;
			files = (
				52A4D90C1AA0731300EBAE97 /* AKETA_voice_iosTests.m in Sources */,
			);
			runOnlyForDeploymentPostprocessing = 0;
		};
/* End PBXSourcesBuildPhase section */

/* Begin PBXTargetDependency section */
		52A4D9071AA0731300EBAE97 /* PBXTargetDependency */ = {
			isa = PBXTargetDependency;
			target = 52A4D8EB1AA0731300EBAE97 /* AKETA_voice_ios */;
			targetProxy = 52A4D9061AA0731300EBAE97 /* PBXContainerItemProxy */;
		};
/* End PBXTargetDependency section */

/* Begin PBXVariantGroup section */
		52A4D8F91AA0731300EBAE97 /* Main.storyboard */ = {
			isa = PBXVariantGroup;
			children = (
				52A4D8FA1AA0731300EBAE97 /* Base */,
			);
			name = Main.storyboard;
			sourceTree = "<group>";
		};
		52A4D8FE1AA0731300EBAE97 /* LaunchScreen.xib */ = {
			isa = PBXVariantGroup;
			children = (
				52A4D8FF1AA0731300EBAE97 /* Base */,
			);
			name = LaunchScreen.xib;
			sourceTree = "<group>";
		};
/* End PBXVariantGroup section */

/* Begin XCBuildConfiguration section */
		52A4D90D1AA0731300EBAE97 /* Debug */ = {
			isa = XCBuildConfiguration;
			buildSettings = {
				ALWAYS_SEARCH_USER_PATHS = NO;
				CLANG_CXX_LANGUAGE_STANDARD = "gnu++0x";
				CLANG_CXX_LIBRARY = "libc++";
				CLANG_ENABLE_MODULES = YES;
				CLANG_ENABLE_OBJC_ARC = YES;
				CLANG_WARN_BOOL_CONVERSION = YES;
				CLANG_WARN_CONSTANT_CONVERSION = YES;
				CLANG_WARN_DIRECT_OBJC_ISA_USAGE = YES_ERROR;
				CLANG_WARN_EMPTY_BODY = YES;
				CLANG_WARN_ENUM_CONVERSION = YES;
				CLANG_WARN_INT_CONVERSION = YES;
				CLANG_WARN_OBJC_ROOT_CLASS = YES_ERROR;
				CLANG_WARN_UNREACHABLE_CODE = YES;
				CLANG_WARN__DUPLICATE_METHOD_MATCH = YES;
				"CODE_SIGN_IDENTITY[sdk=iphoneos*]" = "iPhone Developer";
				COPY_PHASE_STRIP = NO;
				ENABLE_STRICT_OBJC_MSGSEND = YES;
				GCC_C_LANGUAGE_STANDARD = gnu99;
				GCC_DYNAMIC_NO_PIC = NO;
				GCC_OPTIMIZATION_LEVEL = 0;
				GCC_PREPROCESSOR_DEFINITIONS = (
					"DEBUG=1",
					"$(inherited)",
				);
				GCC_SYMBOLS_PRIVATE_EXTERN = NO;
				GCC_WARN_64_TO_32_BIT_CONVERSION = YES;
				GCC_WARN_ABOUT_RETURN_TYPE = YES_ERROR;
				GCC_WARN_UNDECLARED_SELECTOR = YES;
				GCC_WARN_UNINITIALIZED_AUTOS = YES_AGGRESSIVE;
				GCC_WARN_UNUSED_FUNCTION = YES;
				GCC_WARN_UNUSED_VARIABLE = YES;
				IPHONEOS_DEPLOYMENT_TARGET = 8.1;
				MTL_ENABLE_DEBUG_INFO = YES;
				ONLY_ACTIVE_ARCH = YES;
				SDKROOT = iphoneos;
				TARGETED_DEVICE_FAMILY = "1,2";
			};
			name = Debug;
		};
		52A4D90E1AA0731300EBAE97 /* Release */ = {
			isa = XCBuildConfiguration;
			buildSettings = {
				ALWAYS_SEARCH_USER_PATHS = NO;
				CLANG_CXX_LANGUAGE_STANDARD = "gnu++0x";
				CLANG_CXX_LIBRARY = "libc++";
				CLANG_ENABLE_MODULES = YES;
				CLANG_ENABLE_OBJC_ARC = YES;
				CLANG_WARN_BOOL_CONVERSION = YES;
				CLANG_WARN_CONSTANT_CONVERSION = YES;
				CLANG_WARN_DIRECT_OBJC_ISA_USAGE = YES_ERROR;
				CLANG_WARN_EMPTY_BODY = YES;
				CLANG_WARN_ENUM_CONVERSION = YES;
				CLANG_WARN_INT_CONVERSION = YES;
				CLANG_WARN_OBJC_ROOT_CLASS = YES_ERROR;
				CLANG_WARN_UNREACHABLE_CODE = YES;
				CLANG_WARN__DUPLICATE_METHOD_MATCH = YES;
				"CODE_SIGN_IDENTITY[sdk=iphoneos*]" = "iPhone Developer";
				COPY_PHASE_STRIP = YES;
				ENABLE_NS_ASSERTIONS = NO;
				ENABLE_STRICT_OBJC_MSGSEND = YES;
				GCC_C_LANGUAGE_STANDARD = gnu99;
				GCC_WARN_64_TO_32_BIT_CONVERSION = YES;
				GCC_WARN_ABOUT_RETURN_TYPE = YES_ERROR;
				GCC_WARN_UNDECLARED_SELECTOR = YES;
				GCC_WARN_UNINITIALIZED_AUTOS = YES_AGGRESSIVE;
				GCC_WARN_UNUSED_FUNCTION = YES;
				GCC_WARN_UNUSED_VARIABLE = YES;
				IPHONEOS_DEPLOYMENT_TARGET = 8.1;
				MTL_ENABLE_DEBUG_INFO = NO;
				SDKROOT = iphoneos;
				TARGETED_DEVICE_FAMILY = "1,2";
				VALIDATE_PRODUCT = YES;
			};
			name = Release;
		};
		52A4D9101AA0731300EBAE97 /* Debug */ = {
			isa = XCBuildConfiguration;
			buildSettings = {
				ASSETCATALOG_COMPILER_APPICON_NAME = AppIcon;
				INFOPLIST_FILE = AKETA_voice_ios/Info.plist;
				IPHONEOS_DEPLOYMENT_TARGET = 6.0;
				LD_RUNPATH_SEARCH_PATHS = "$(inherited) @executable_path/Frameworks";
				PRODUCT_NAME = "$(TARGET_NAME)";
				TARGETED_DEVICE_FAMILY = 1;
			};
			name = Debug;
		};
		52A4D9111AA0731300EBAE97 /* Release */ = {
			isa = XCBuildConfiguration;
			buildSettings = {
				ASSETCATALOG_COMPILER_APPICON_NAME = AppIcon;
				INFOPLIST_FILE = AKETA_voice_ios/Info.plist;
				IPHONEOS_DEPLOYMENT_TARGET = 6.0;
				LD_RUNPATH_SEARCH_PATHS = "$(inherited) @executable_path/Frameworks";
				PRODUCT_NAME = "$(TARGET_NAME)";
				TARGETED_DEVICE_FAMILY = 1;
			};
			name = Release;
		};
		52A4D9131AA0731300EBAE97 /* Debug */ = {
			isa = XCBuildConfiguration;
			buildSettings = {
				BUNDLE_LOADER = "$(TEST_HOST)";
				FRAMEWORK_SEARCH_PATHS = (
					"$(SDKROOT)/Developer/Library/Frameworks",
					"$(inherited)",
				);
				GCC_PREPROCESSOR_DEFINITIONS = (
					"DEBUG=1",
					"$(inherited)",
				);
				INFOPLIST_FILE = AKETA_voice_iosTests/Info.plist;
				LD_RUNPATH_SEARCH_PATHS = "$(inherited) @executable_path/Frameworks @loader_path/Frameworks";
				PRODUCT_NAME = "$(TARGET_NAME)";
				TEST_HOST = "$(BUILT_PRODUCTS_DIR)/AKETA_voice_ios.app/AKETA_voice_ios";
			};
			name = Debug;
		};
		52A4D9141AA0731300EBAE97 /* Release */ = {
			isa = XCBuildConfiguration;
			buildSettings = {
				BUNDLE_LOADER = "$(TEST_HOST)";
				FRAMEWORK_SEARCH_PATHS = (
					"$(SDKROOT)/Developer/Library/Frameworks",
					"$(inherited)",
				);
				INFOPLIST_FILE = AKETA_voice_iosTests/Info.plist;
				LD_RUNPATH_SEARCH_PATHS = "$(inherited) @executable_path/Frameworks @loader_path/Frameworks";
				PRODUCT_NAME = "$(TARGET_NAME)";
				TEST_HOST = "$(BUILT_PRODUCTS_DIR)/AKETA_voice_ios.app/AKETA_voice_ios";
			};
			name = Release;
		};
/* End XCBuildConfiguration section */

/* Begin XCConfigurationList section */
		52A4D8E71AA0731300EBAE97 /* Build configuration list for PBXProject "AKETA_voice_ios" */ = {
			isa = XCConfigurationList;
			buildConfigurations = (
				52A4D90D1AA0731300EBAE97 /* Debug */,
				52A4D90E1AA0731300EBAE97 /* Release */,
			);
			defaultConfigurationIsVisible = 0;
			defaultConfigurationName = Release;
		};
		52A4D90F1AA0731300EBAE97 /* Build configuration list for PBXNativeTarget "AKETA_voice_ios" */ = {
			isa = XCConfigurationList;
			buildConfigurations = (
				52A4D9101AA0731300EBAE97 /* Debug */,
				52A4D9111AA0731300EBAE97 /* Release */,
			);
			defaultConfigurationIsVisible = 0;
		};
		52A4D9121AA0731300EBAE97 /* Build configuration list for PBXNativeTarget "AKETA_voice_iosTests" */ = {
			isa = XCConfigurationList;
			buildConfigurations = (
				52A4D9131AA0731300EBAE97 /* Debug */,
				52A4D9141AA0731300EBAE97 /* Release */,
			);
			defaultConfigurationIsVisible = 0;
		};
/* End XCConfigurationList section */
	};
	rootObject = 52A4D8E41AA0731300EBAE97 /* Project object */;
}
